
Microsoft Visual Studio Solution File, Format Version 12.00
# Visual Studio Version 16
VisualStudioVersion = 16.0.32630.194
MinimumVisualStudioVersion = 10.0.40219.1
Project("{FAE04EC0-301F-11D3-BF4B-00C04F79EFBC}") = "SAU", "SAU\SAU.csproj", "{D0AAE465-BC93-46AC-A328-88AB7EAD2596}"
EndProject
Global
	GlobalSection(SolutionConfigurationPlatforms) = preSolution
		Debug|Any CPU = Debug|Any CPU
		Release|Any CPU = Release|Any CPU
	EndGlobalSection
	GlobalSection(ProjectConfigurationPlatforms) = postSolution
		{D0AAE465-BC93-46AC-A328-88AB7EAD2596}.Debug|Any CPU.ActiveCfg = Debug|Any CPU
		{D0AAE465-BC93-46AC-A328-88AB7EAD2596}.Debug|Any CPU.Build.0 = Debug|Any CPU
		{D0AAE465-BC93-46AC-A328-88AB7EAD2596}.Release|Any CPU.ActiveCfg = Release|Any CPU
		{D0AAE465-BC93-46AC-A328-88AB7EAD2596}.Release|Any CPU.Build.0 = Release|Any CPU
	EndGlobalSection
	GlobalSection(SolutionProperties) = preSolution
		HideSolutionNode = FALSE
	EndGlobalSection
	GlobalSection(ExtensibilityGlobals) = postSolution
		SolutionGuid = {E7E08182-3DB7-4933-AEC0-C7F6A06BB496}
	EndGlobalSection
EndGlobal
